
Microsoft Visual Studio Solution File, Format Version 12.00
# Visual Studio Version 16
VisualStudioVersion = 16.0.31515.178
MinimumVisualStudioVersion = 10.0.40219.1
Project("{9A19103F-16F7-4668-BE54-9A1E7A4F7556}") = "Hello World", "Hello World.csproj", "{1471A68B-CF5F-4B88-B27B-BBECD089AFB1}"
EndProject
Global
	GlobalSection(SolutionConfigurationPlatforms) = preSolution
		Debug|Any CPU = Debug|Any CPU
		Release|Any CPU = Release|Any CPU
	EndGlobalSection
	GlobalSection(ProjectConfigurationPlatforms) = postSolution
		{1471A68B-CF5F-4B88-B27B-BBECD089AFB1}.Debug|Any CPU.ActiveCfg = Debug|Any CPU
		{1471A68B-CF5F-4B88-B27B-BBECD089AFB1}.Debug|Any CPU.Build.0 = Debug|Any CPU
		{1471A68B-CF5F-4B88-B27B-BBECD089AFB1}.Release|Any CPU.ActiveCfg = Release|Any CPU
		{1471A68B-CF5F-4B88-B27B-BBECD089AFB1}.Release|Any CPU.Build.0 = Release|Any CPU
	EndGlobalSection
	GlobalSection(SolutionProperties) = preSolution
		HideSolutionNode = FALSE
	EndGlobalSection
	GlobalSection(ExtensibilityGlobals) = postSolution
		SolutionGuid = {FB203CFE-9CB2-4691-A374-8977A83F71C0}
	EndGlobalSection
EndGlobal
